{
    "_meta": {
        "hash": {
            "sha256": "2d5f4d7e1027db3d55930bd6ecf2df6c63026aaf0ea45e11c8b36f7dbecea872"
        },
        "pipfile-spec": 6,
        "requires": {
            "python_version": "3.6"
        },
        "sources": [
            {
                "name": "pypi",
                "url": "https://pypi.org/simple",
                "verify_ssl": true
            }
        ]
    },
    "default": {
        "functionapprest": {
            "editable": true,
            "path": "."
        }
    },
    "develop": {
        "functionapprest": {
            "editable": true,
            "path": "."
        },
        "py": {
            "hashes": [
                "sha256:21b81bda15b66ef5e1a777a21c4dcd9c20ad3efd0b3f817e7a809035269e1bd3",
                "sha256:3b80836aa6d1feeaa108e046da6423ab8f6ceda6468545ae8d02d9d58d18818a"
            ],
            "index": "pypi",
            "version": "==1.10.0"
        }
    }
}
